{
  "name": "todo-list",
  "lockfileVersion": 3,
  "requires": true,
  "packages": {
    "": {
      "dependencies": {
        "lit-html": "^3.0.2"
      }
    },
    "node_modules/@types/trusted-types": {
      "version": "2.0.5",
      "resolved": "https://registry.npmjs.org/@types/trusted-types/-/trusted-types-2.0.5.tgz",
      "integrity": "sha512-I3pkr8j/6tmQtKV/ZzHtuaqYSQvyjGRKH4go60Rr0IDLlFxuRT5V32uvB1mecM5G1EVAUyF/4r4QZ1GHgz+mxA=="
    },
    "node_modules/lit-html": {
      "version": "3.0.2",
      "resolved": "https://registry.npmjs.org/lit-html/-/lit-html-3.0.2.tgz",
      "integrity": "sha512-Q1A5lHza3bnmxoWJn6yS6vQZQdExl4fghk8W1G+jnAEdoFNYo5oeBBb/Ol7zSEdKd3TR7+r0zsJQyuWEVguiyQ==",
      "dependencies": {
        "@types/trusted-types": "^2.0.2"
      }
    }
  }
}
